// !$*UTF8*$!
{
	archiveVersion = 1;
	classes = {
	};
	objectVersion = 56;
	objects = {

/* Begin PBXBuildFile section */
		A60EA81B2B907462003E6495 /* AssetsError.swift in Sources */ = {isa = PBXBuildFile; fileRef = A60EA81A2B907462003E6495 /* AssetsError.swift */; };
		A60EA81D2B909035003E6495 /* Cache.swift in Sources */ = {isa = PBXBuildFile; fileRef = A60EA81C2B909035003E6495 /* Cache.swift */; };
		A6F52A322B8CF9320008F8B4 /* SnapCleanApp.swift in Sources */ = {isa = PBXBuildFile; fileRef = A6F52A312B8CF9320008F8B4 /* SnapCleanApp.swift */; };
		A6F52A342B8CF9320008F8B4 /* ContentView.swift in Sources */ = {isa = PBXBuildFile; fileRef = A6F52A332B8CF9320008F8B4 /* ContentView.swift */; };
		A6F52A362B8CF9330008F8B4 /* Assets.xcassets in Resources */ = {isa = PBXBuildFile; fileRef = A6F52A352B8CF9330008F8B4 /* Assets.xcassets */; };
		A6F52A392B8CF9330008F8B4 /* Preview Assets.xcassets in Resources */ = {isa = PBXBuildFile; fileRef = A6F52A382B8CF9330008F8B4 /* Preview Assets.xcassets */; };
		A6F52A3B2B8CF9330008F8B4 /* Persistence.swift in Sources */ = {isa = PBXBuildFile; fileRef = A6F52A3A2B8CF9330008F8B4 /* Persistence.swift */; };
		A6F52A3E2B8CF9330008F8B4 /* SnapClean.xcdatamodeld in Sources */ = {isa = PBXBuildFile; fileRef = A6F52A3C2B8CF9330008F8B4 /* SnapClean.xcdatamodeld */; };
		A6F52A492B8CFD030008F8B4 /* HomeView.swift in Sources */ = {isa = PBXBuildFile; fileRef = A6F52A482B8CFD030008F8B4 /* HomeView.swift */; };
		A6F52A4B2B8CFDDD0008F8B4 /* Fonts.swift in Sources */ = {isa = PBXBuildFile; fileRef = A6F52A4A2B8CFDDD0008F8B4 /* Fonts.swift */; };
		A6F52A532B8D02DF0008F8B4 /* Colors.swift in Sources */ = {isa = PBXBuildFile; fileRef = A6F52A522B8D02DF0008F8B4 /* Colors.swift */; };
		A6F52A562B8D04190008F8B4 /* Color+.swift in Sources */ = {isa = PBXBuildFile; fileRef = A6F52A552B8D04190008F8B4 /* Color+.swift */; };
		A6F52A592B8E01300008F8B4 /* PhotosLoader.swift in Sources */ = {isa = PBXBuildFile; fileRef = A6F52A582B8E01300008F8B4 /* PhotosLoader.swift */; };
		A6F52A5E2B8E019C0008F8B4 /* ThumbnailView.swift in Sources */ = {isa = PBXBuildFile; fileRef = A6F52A5D2B8E019C0008F8B4 /* ThumbnailView.swift */; };
		A6F52A602B8E43BE0008F8B4 /* AssetListView.swift in Sources */ = {isa = PBXBuildFile; fileRef = A6F52A5F2B8E43BE0008F8B4 /* AssetListView.swift */; };
		A6F52A622B8F4E3D0008F8B4 /* PHFetchCollectionResult.swift in Sources */ = {isa = PBXBuildFile; fileRef = A6F52A612B8F4E3D0008F8B4 /* PHFetchCollectionResult.swift */; };
		A6F52A662B8F7C600008F8B4 /* Date+.swift in Sources */ = {isa = PBXBuildFile; fileRef = A6F52A652B8F7C5F0008F8B4 /* Date+.swift */; };
		A6F52A6E2B8F9F1F0008F8B4 /* AssetSection.swift in Sources */ = {isa = PBXBuildFile; fileRef = A6F52A6D2B8F9F1F0008F8B4 /* AssetSection.swift */; };
		A6F52A712B902C6C0008F8B4 /* Int+.swift in Sources */ = {isa = PBXBuildFile; fileRef = A6F52A702B902C6C0008F8B4 /* Int+.swift */; };
		A6F52A732B90539E0008F8B4 /* AssetListViewModel.swift in Sources */ = {isa = PBXBuildFile; fileRef = A6F52A722B90539E0008F8B4 /* AssetListViewModel.swift */; };
		A6F52A752B9058350008F8B4 /* AssetCategory.swift in Sources */ = {isa = PBXBuildFile; fileRef = A6F52A742B9058350008F8B4 /* AssetCategory.swift */; };
/* End PBXBuildFile section */

/* Begin PBXFileReference section */
		A60EA81A2B907462003E6495 /* AssetsError.swift */ = {isa = PBXFileReference; lastKnownFileType = sourcecode.swift; path = AssetsError.swift; sourceTree = "<group>"; };
		A60EA81C2B909035003E6495 /* Cache.swift */ = {isa = PBXFileReference; lastKnownFileType = sourcecode.swift; path = Cache.swift; sourceTree = "<group>"; };
		A6F52A2E2B8CF9320008F8B4 /* SnapClean.app */ = {isa = PBXFileReference; explicitFileType = wrapper.application; includeInIndex = 0; path = SnapClean.app; sourceTree = BUILT_PRODUCTS_DIR; };
		A6F52A312B8CF9320008F8B4 /* SnapCleanApp.swift */ = {isa = PBXFileReference; lastKnownFileType = sourcecode.swift; path = SnapCleanApp.swift; sourceTree = "<group>"; };
		A6F52A332B8CF9320008F8B4 /* ContentView.swift */ = {isa = PBXFileReference; lastKnownFileType = sourcecode.swift; path = ContentView.swift; sourceTree = "<group>"; };
		A6F52A352B8CF9330008F8B4 /* Assets.xcassets */ = {isa = PBXFileReference; lastKnownFileType = folder.assetcatalog; path = Assets.xcassets; sourceTree = "<group>"; };
		A6F52A382B8CF9330008F8B4 /* Preview Assets.xcassets */ = {isa = PBXFileReference; lastKnownFileType = folder.assetcatalog; path = "Preview Assets.xcassets"; sourceTree = "<group>"; };
		A6F52A3A2B8CF9330008F8B4 /* Persistence.swift */ = {isa = PBXFileReference; lastKnownFileType = sourcecode.swift; path = Persistence.swift; sourceTree = "<group>"; };
		A6F52A3D2B8CF9330008F8B4 /* SnapClean.xcdatamodel */ = {isa = PBXFileReference; lastKnownFileType = wrapper.xcdatamodel; path = SnapClean.xcdatamodel; sourceTree = "<group>"; };
		A6F52A482B8CFD030008F8B4 /* HomeView.swift */ = {isa = PBXFileReference; lastKnownFileType = sourcecode.swift; path = HomeView.swift; sourceTree = "<group>"; };
		A6F52A4A2B8CFDDD0008F8B4 /* Fonts.swift */ = {isa = PBXFileReference; lastKnownFileType = sourcecode.swift; path = Fonts.swift; sourceTree = "<group>"; };
		A6F52A522B8D02DF0008F8B4 /* Colors.swift */ = {isa = PBXFileReference; lastKnownFileType = sourcecode.swift; path = Colors.swift; sourceTree = "<group>"; };
		A6F52A552B8D04190008F8B4 /* Color+.swift */ = {isa = PBXFileReference; lastKnownFileType = sourcecode.swift; path = "Color+.swift"; sourceTree = "<group>"; };
		A6F52A582B8E01300008F8B4 /* PhotosLoader.swift */ = {isa = PBXFileReference; lastKnownFileType = sourcecode.swift; path = PhotosLoader.swift; sourceTree = "<group>"; };
		A6F52A5D2B8E019C0008F8B4 /* ThumbnailView.swift */ = {isa = PBXFileReference; lastKnownFileType = sourcecode.swift; path = ThumbnailView.swift; sourceTree = "<group>"; };
		A6F52A5F2B8E43BE0008F8B4 /* AssetListView.swift */ = {isa = PBXFileReference; lastKnownFileType = sourcecode.swift; path = AssetListView.swift; sourceTree = "<group>"; };
		A6F52A612B8F4E3D0008F8B4 /* PHFetchCollectionResult.swift */ = {isa = PBXFileReference; lastKnownFileType = sourcecode.swift; path = PHFetchCollectionResult.swift; sourceTree = "<group>"; };
		A6F52A652B8F7C5F0008F8B4 /* Date+.swift */ = {isa = PBXFileReference; lastKnownFileType = sourcecode.swift; path = "Date+.swift"; sourceTree = "<group>"; };
		A6F52A6D2B8F9F1F0008F8B4 /* AssetSection.swift */ = {isa = PBXFileReference; lastKnownFileType = sourcecode.swift; path = AssetSection.swift; sourceTree = "<group>"; };
		A6F52A702B902C6C0008F8B4 /* Int+.swift */ = {isa = PBXFileReference; lastKnownFileType = sourcecode.swift; path = "Int+.swift"; sourceTree = "<group>"; };
		A6F52A722B90539E0008F8B4 /* AssetListViewModel.swift */ = {isa = PBXFileReference; lastKnownFileType = sourcecode.swift; path = AssetListViewModel.swift; sourceTree = "<group>"; };
		A6F52A742B9058350008F8B4 /* AssetCategory.swift */ = {isa = PBXFileReference; lastKnownFileType = sourcecode.swift; path = AssetCategory.swift; sourceTree = "<group>"; };
/* End PBXFileReference section */

/* Begin PBXFrameworksBuildPhase section */
		A6F52A2B2B8CF9320008F8B4 /* Frameworks */ = {
			isa = PBXFrameworksBuildPhase;
			buildActionMask = 2147483647;
			files = (
			);
			runOnlyForDeploymentPostprocessing = 0;
		};
/* End PBXFrameworksBuildPhase section */

/* Begin PBXGroup section */
		A60EA8192B907459003E6495 /* Common */ = {
			isa = PBXGroup;
			children = (
				A60EA81A2B907462003E6495 /* AssetsError.swift */,
			);
			path = Common;
			sourceTree = "<group>";
		};
		A6F52A252B8CF9310008F8B4 = {
			isa = PBXGroup;
			children = (
				A6F52A302B8CF9320008F8B4 /* SnapClean */,
				A6F52A2F2B8CF9320008F8B4 /* Products */,
			);
			sourceTree = "<group>";
		};
		A6F52A2F2B8CF9320008F8B4 /* Products */ = {
			isa = PBXGroup;
			children = (
				A6F52A2E2B8CF9320008F8B4 /* SnapClean.app */,
			);
			name = Products;
			sourceTree = "<group>";
		};
		A6F52A302B8CF9320008F8B4 /* SnapClean */ = {
			isa = PBXGroup;
			children = (
				A60EA8192B907459003E6495 /* Common */,
				A6F52A572B8E011F0008F8B4 /* Manager */,
				A6F52A542B8D04080008F8B4 /* Extensions */,
				A6F52A472B8CFCE70008F8B4 /* Resources */,
				A6F52A5A2B8E01780008F8B4 /* Views */,
				A6F52A442B8CFAF70008F8B4 /* Modules */,
				A6F52A312B8CF9320008F8B4 /* SnapCleanApp.swift */,
				A6F52A332B8CF9320008F8B4 /* ContentView.swift */,
				A6F52A3A2B8CF9330008F8B4 /* Persistence.swift */,
				A6F52A3C2B8CF9330008F8B4 /* SnapClean.xcdatamodeld */,
				A6F52A372B8CF9330008F8B4 /* Preview Content */,
			);
			path = SnapClean;
			sourceTree = "<group>";
		};
		A6F52A372B8CF9330008F8B4 /* Preview Content */ = {
			isa = PBXGroup;
			children = (
				A6F52A382B8CF9330008F8B4 /* Preview Assets.xcassets */,
			);
			path = "Preview Content";
			sourceTree = "<group>";
		};
		A6F52A442B8CFAF70008F8B4 /* Modules */ = {
			isa = PBXGroup;
			children = (
				A6F52A742B9058350008F8B4 /* AssetCategory.swift */,
				A6F52A462B8CFB060008F8B4 /* AssetList */,
				A6F52A452B8CFAFF0008F8B4 /* Home */,
			);
			path = Modules;
			sourceTree = "<group>";
		};
		A6F52A452B8CFAFF0008F8B4 /* Home */ = {
			isa = PBXGroup;
			children = (
				A6F52A482B8CFD030008F8B4 /* HomeView.swift */,
			);
			path = Home;
			sourceTree = "<group>";
		};
		A6F52A462B8CFB060008F8B4 /* AssetList */ = {
			isa = PBXGroup;
			children = (
				A6F52A5F2B8E43BE0008F8B4 /* AssetListView.swift */,
				A6F52A6D2B8F9F1F0008F8B4 /* AssetSection.swift */,
				A6F52A722B90539E0008F8B4 /* AssetListViewModel.swift */,
			);
			path = AssetList;
			sourceTree = "<group>";
		};
		A6F52A472B8CFCE70008F8B4 /* Resources */ = {
			isa = PBXGroup;
			children = (
				A6F52A352B8CF9330008F8B4 /* Assets.xcassets */,
				A6F52A4A2B8CFDDD0008F8B4 /* Fonts.swift */,
				A6F52A522B8D02DF0008F8B4 /* Colors.swift */,
			);
			path = Resources;
			sourceTree = "<group>";
		};
		A6F52A542B8D04080008F8B4 /* Extensions */ = {
			isa = PBXGroup;
			children = (
				A6F52A552B8D04190008F8B4 /* Color+.swift */,
				A6F52A612B8F4E3D0008F8B4 /* PHFetchCollectionResult.swift */,
				A6F52A652B8F7C5F0008F8B4 /* Date+.swift */,
				A6F52A702B902C6C0008F8B4 /* Int+.swift */,
			);
			path = Extensions;
			sourceTree = "<group>";
		};
		A6F52A572B8E011F0008F8B4 /* Manager */ = {
			isa = PBXGroup;
			children = (
				A6F52A582B8E01300008F8B4 /* PhotosLoader.swift */,
				A60EA81C2B909035003E6495 /* Cache.swift */,
			);
			path = Manager;
			sourceTree = "<group>";
		};
		A6F52A5A2B8E01780008F8B4 /* Views */ = {
			isa = PBXGroup;
			children = (
				A6F52A5D2B8E019C0008F8B4 /* ThumbnailView.swift */,
			);
			path = Views;
			sourceTree = "<group>";
		};
/* End PBXGroup section */

/* Begin PBXNativeTarget section */
		A6F52A2D2B8CF9320008F8B4 /* SnapClean */ = {
			isa = PBXNativeTarget;
			buildConfigurationList = A6F52A412B8CF9330008F8B4 /* Build configuration list for PBXNativeTarget "SnapClean" */;
			buildPhases = (
				A6F52A2A2B8CF9320008F8B4 /* Sources */,
				A6F52A2B2B8CF9320008F8B4 /* Frameworks */,
				A6F52A2C2B8CF9320008F8B4 /* Resources */,
			);
			buildRules = (
			);
			dependencies = (
			);
			name = SnapClean;
			productName = SnapClean;
			productReference = A6F52A2E2B8CF9320008F8B4 /* SnapClean.app */;
			productType = "com.apple.product-type.application";
		};
/* End PBXNativeTarget section */

/* Begin PBXProject section */
		A6F52A262B8CF9310008F8B4 /* Project object */ = {
			isa = PBXProject;
			attributes = {
				BuildIndependentTargetsInParallel = 1;
				LastSwiftUpdateCheck = 1500;
				LastUpgradeCheck = 1500;
				TargetAttributes = {
					A6F52A2D2B8CF9320008F8B4 = {
						CreatedOnToolsVersion = 15.0;
					};
				};
			};
			buildConfigurationList = A6F52A292B8CF9310008F8B4 /* Build configuration list for PBXProject "SnapClean" */;
			compatibilityVersion = "Xcode 14.0";
			developmentRegion = en;
			hasScannedForEncodings = 0;
			knownRegions = (
				en,
				Base,
			);
			mainGroup = A6F52A252B8CF9310008F8B4;
			productRefGroup = A6F52A2F2B8CF9320008F8B4 /* Products */;
			projectDirPath = "";
			projectRoot = "";
			targets = (
				A6F52A2D2B8CF9320008F8B4 /* SnapClean */,
			);
		};
/* End PBXProject section */

/* Begin PBXResourcesBuildPhase section */
		A6F52A2C2B8CF9320008F8B4 /* Resources */ = {
			isa = PBXResourcesBuildPhase;
			buildActionMask = 2147483647;
			files = (
				A6F52A392B8CF9330008F8B4 /* Preview Assets.xcassets in Resources */,
				A6F52A362B8CF9330008F8B4 /* Assets.xcassets in Resources */,
			);
			runOnlyForDeploymentPostprocessing = 0;
		};
/* End PBXResourcesBuildPhase section */

/* Begin PBXSourcesBuildPhase section */
		A6F52A2A2B8CF9320008F8B4 /* Sources */ = {
			isa = PBXSourcesBuildPhase;
			buildActionMask = 2147483647;
			files = (
				A6F52A712B902C6C0008F8B4 /* Int+.swift in Sources */,
				A60EA81B2B907462003E6495 /* AssetsError.swift in Sources */,
				A6F52A732B90539E0008F8B4 /* AssetListViewModel.swift in Sources */,
				A6F52A3B2B8CF9330008F8B4 /* Persistence.swift in Sources */,
				A6F52A562B8D04190008F8B4 /* Color+.swift in Sources */,
				A6F52A532B8D02DF0008F8B4 /* Colors.swift in Sources */,
				A6F52A342B8CF9320008F8B4 /* ContentView.swift in Sources */,
				A6F52A592B8E01300008F8B4 /* PhotosLoader.swift in Sources */,
				A6F52A322B8CF9320008F8B4 /* SnapCleanApp.swift in Sources */,
				A6F52A6E2B8F9F1F0008F8B4 /* AssetSection.swift in Sources */,
				A6F52A492B8CFD030008F8B4 /* HomeView.swift in Sources */,
				A60EA81D2B909035003E6495 /* Cache.swift in Sources */,
				A6F52A752B9058350008F8B4 /* AssetCategory.swift in Sources */,
				A6F52A5E2B8E019C0008F8B4 /* ThumbnailView.swift in Sources */,
				A6F52A4B2B8CFDDD0008F8B4 /* Fonts.swift in Sources */,
				A6F52A3E2B8CF9330008F8B4 /* SnapClean.xcdatamodeld in Sources */,
				A6F52A622B8F4E3D0008F8B4 /* PHFetchCollectionResult.swift in Sources */,
				A6F52A602B8E43BE0008F8B4 /* AssetListView.swift in Sources */,
				A6F52A662B8F7C600008F8B4 /* Date+.swift in Sources */,
			);
			runOnlyForDeploymentPostprocessing = 0;
		};
/* End PBXSourcesBuildPhase section */

/* Begin XCBuildConfiguration section */
		A6F52A3F2B8CF9330008F8B4 /* Debug */ = {
			isa = XCBuildConfiguration;
			buildSettings = {
				ALWAYS_SEARCH_USER_PATHS = NO;
				ASSETCATALOG_COMPILER_GENERATE_SWIFT_ASSET_SYMBOL_EXTENSIONS = YES;
				CLANG_ANALYZER_NONNULL = YES;
				CLANG_ANALYZER_NUMBER_OBJECT_CONVERSION = YES_AGGRESSIVE;
				CLANG_CXX_LANGUAGE_STANDARD = "gnu++20";
				CLANG_ENABLE_MODULES = YES;
				CLANG_ENABLE_OBJC_ARC = YES;
				CLANG_ENABLE_OBJC_WEAK = YES;
				CLANG_WARN_BLOCK_CAPTURE_AUTORELEASING = YES;
				CLANG_WARN_BOOL_CONVERSION = YES;
				CLANG_WARN_COMMA = YES;
				CLANG_WARN_CONSTANT_CONVERSION = YES;
				CLANG_WARN_DEPRECATED_OBJC_IMPLEMENTATIONS = YES;
				CLANG_WARN_DIRECT_OBJC_ISA_USAGE = YES_ERROR;
				CLANG_WARN_DOCUMENTATION_COMMENTS = YES;
				CLANG_WARN_EMPTY_BODY = YES;
				CLANG_WARN_ENUM_CONVERSION = YES;
				CLANG_WARN_INFINITE_RECURSION = YES;
				CLANG_WARN_INT_CONVERSION = YES;
				CLANG_WARN_NON_LITERAL_NULL_CONVERSION = YES;
				CLANG_WARN_OBJC_IMPLICIT_RETAIN_SELF = YES;
				CLANG_WARN_OBJC_LITERAL_CONVERSION = YES;
				CLANG_WARN_OBJC_ROOT_CLASS = YES_ERROR;
				CLANG_WARN_QUOTED_INCLUDE_IN_FRAMEWORK_HEADER = YES;
				CLANG_WARN_RANGE_LOOP_ANALYSIS = YES;
				CLANG_WARN_STRICT_PROTOTYPES = YES;
				CLANG_WARN_SUSPICIOUS_MOVE = YES;
				CLANG_WARN_UNGUARDED_AVAILABILITY = YES_AGGRESSIVE;
				CLANG_WARN_UNREACHABLE_CODE = YES;
				CLANG_WARN__DUPLICATE_METHOD_MATCH = YES;
				COPY_PHASE_STRIP = NO;
				DEBUG_INFORMATION_FORMAT = dwarf;
				ENABLE_STRICT_OBJC_MSGSEND = YES;
				ENABLE_TESTABILITY = YES;
				ENABLE_USER_SCRIPT_SANDBOXING = YES;
				GCC_C_LANGUAGE_STANDARD = gnu17;
				GCC_DYNAMIC_NO_PIC = NO;
				GCC_NO_COMMON_BLOCKS = YES;
				GCC_OPTIMIZATION_LEVEL = 0;
				GCC_PREPROCESSOR_DEFINITIONS = (
					"DEBUG=1",
					"$(inherited)",
				);
				GCC_WARN_64_TO_32_BIT_CONVERSION = YES;
				GCC_WARN_ABOUT_RETURN_TYPE = YES_ERROR;
				GCC_WARN_UNDECLARED_SELECTOR = YES;
				GCC_WARN_UNINITIALIZED_AUTOS = YES_AGGRESSIVE;
				GCC_WARN_UNUSED_FUNCTION = YES;
				GCC_WARN_UNUSED_VARIABLE = YES;
				IPHONEOS_DEPLOYMENT_TARGET = 17.0;
				LOCALIZATION_PREFERS_STRING_CATALOGS = YES;
				MTL_ENABLE_DEBUG_INFO = INCLUDE_SOURCE;
				MTL_FAST_MATH = YES;
				ONLY_ACTIVE_ARCH = YES;
				SDKROOT = iphoneos;
				SWIFT_ACTIVE_COMPILATION_CONDITIONS = "DEBUG $(inherited)";
				SWIFT_OPTIMIZATION_LEVEL = "-Onone";
			};
			name = Debug;
		};
		A6F52A402B8CF9330008F8B4 /* Release */ = {
			isa = XCBuildConfiguration;
			buildSettings = {
				ALWAYS_SEARCH_USER_PATHS = NO;
				ASSETCATALOG_COMPILER_GENERATE_SWIFT_ASSET_SYMBOL_EXTENSIONS = YES;
				CLANG_ANALYZER_NONNULL = YES;
				CLANG_ANALYZER_NUMBER_OBJECT_CONVERSION = YES_AGGRESSIVE;
				CLANG_CXX_LANGUAGE_STANDARD = "gnu++20";
				CLANG_ENABLE_MODULES = YES;
				CLANG_ENABLE_OBJC_ARC = YES;
				CLANG_ENABLE_OBJC_WEAK = YES;
				CLANG_WARN_BLOCK_CAPTURE_AUTORELEASING = YES;
				CLANG_WARN_BOOL_CONVERSION = YES;
				CLANG_WARN_COMMA = YES;
				CLANG_WARN_CONSTANT_CONVERSION = YES;
				CLANG_WARN_DEPRECATED_OBJC_IMPLEMENTATIONS = YES;
				CLANG_WARN_DIRECT_OBJC_ISA_USAGE = YES_ERROR;
				CLANG_WARN_DOCUMENTATION_COMMENTS = YES;
				CLANG_WARN_EMPTY_BODY = YES;
				CLANG_WARN_ENUM_CONVERSION = YES;
				CLANG_WARN_INFINITE_RECURSION = YES;
				CLANG_WARN_INT_CONVERSION = YES;
				CLANG_WARN_NON_LITERAL_NULL_CONVERSION = YES;
				CLANG_WARN_OBJC_IMPLICIT_RETAIN_SELF = YES;
				CLANG_WARN_OBJC_LITERAL_CONVERSION = YES;
				CLANG_WARN_OBJC_ROOT_CLASS = YES_ERROR;
				CLANG_WARN_QUOTED_INCLUDE_IN_FRAMEWORK_HEADER = YES;
				CLANG_WARN_RANGE_LOOP_ANALYSIS = YES;
				CLANG_WARN_STRICT_PROTOTYPES = YES;
				CLANG_WARN_SUSPICIOUS_MOVE = YES;
				CLANG_WARN_UNGUARDED_AVAILABILITY = YES_AGGRESSIVE;
				CLANG_WARN_UNREACHABLE_CODE = YES;
				CLANG_WARN__DUPLICATE_METHOD_MATCH = YES;
				COPY_PHASE_STRIP = NO;
				DEBUG_INFORMATION_FORMAT = "dwarf-with-dsym";
				ENABLE_NS_ASSERTIONS = NO;
				ENABLE_STRICT_OBJC_MSGSEND = YES;
				ENABLE_USER_SCRIPT_SANDBOXING = YES;
				GCC_C_LANGUAGE_STANDARD = gnu17;
				GCC_NO_COMMON_BLOCKS = YES;
				GCC_WARN_64_TO_32_BIT_CONVERSION = YES;
				GCC_WARN_ABOUT_RETURN_TYPE = YES_ERROR;
				GCC_WARN_UNDECLARED_SELECTOR = YES;
				GCC_WARN_UNINITIALIZED_AUTOS = YES_AGGRESSIVE;
				GCC_WARN_UNUSED_FUNCTION = YES;
				GCC_WARN_UNUSED_VARIABLE = YES;
				IPHONEOS_DEPLOYMENT_TARGET = 17.0;
				LOCALIZATION_PREFERS_STRING_CATALOGS = YES;
				MTL_ENABLE_DEBUG_INFO = NO;
				MTL_FAST_MATH = YES;
				SDKROOT = iphoneos;
				SWIFT_COMPILATION_MODE = wholemodule;
				VALIDATE_PRODUCT = YES;
			};
			name = Release;
		};
		A6F52A422B8CF9330008F8B4 /* Debug */ = {
			isa = XCBuildConfiguration;
			buildSettings = {
				ASSETCATALOG_COMPILER_APPICON_NAME = AppIcon;
				ASSETCATALOG_COMPILER_GLOBAL_ACCENT_COLOR_NAME = AccentColor;
				CODE_SIGN_STYLE = Automatic;
				CURRENT_PROJECT_VERSION = 1;
				DEVELOPMENT_ASSET_PATHS = "\"SnapClean/Preview Content\"";
				DEVELOPMENT_TEAM = 8BJQV3U22K;
				ENABLE_PREVIEWS = YES;
				GENERATE_INFOPLIST_FILE = YES;
				INFOPLIST_KEY_NSPhotoLibraryUsageDescription = "Allow SnapClean access to your photo library";
				INFOPLIST_KEY_UIApplicationSceneManifest_Generation = YES;
				INFOPLIST_KEY_UIApplicationSupportsIndirectInputEvents = YES;
				INFOPLIST_KEY_UILaunchScreen_Generation = YES;
				INFOPLIST_KEY_UISupportedInterfaceOrientations_iPad = "UIInterfaceOrientationPortrait UIInterfaceOrientationPortraitUpsideDown UIInterfaceOrientationLandscapeLeft UIInterfaceOrientationLandscapeRight";
				INFOPLIST_KEY_UISupportedInterfaceOrientations_iPhone = "UIInterfaceOrientationPortrait UIInterfaceOrientationLandscapeLeft UIInterfaceOrientationLandscapeRight";
				INFOPLIST_KEY_UIUserInterfaceStyle = Light;
				IPHONEOS_DEPLOYMENT_TARGET = 15.0;
				LD_RUNPATH_SEARCH_PATHS = (
					"$(inherited)",
					"@executable_path/Frameworks",
				);
				MARKETING_VERSION = 1.0;
				PRODUCT_BUNDLE_IDENTIFIER = com.tungdayne.snapclean;
				PRODUCT_NAME = "$(TARGET_NAME)";
				SWIFT_EMIT_LOC_STRINGS = YES;
				SWIFT_VERSION = 5.0;
				TARGETED_DEVICE_FAMILY = "1,2";
			};
			name = Debug;
		};
		A6F52A432B8CF9330008F8B4 /* Release */ = {
			isa = XCBuildConfiguration;
			buildSettings = {
				ASSETCATALOG_COMPILER_APPICON_NAME = AppIcon;
				ASSETCATALOG_COMPILER_GLOBAL_ACCENT_COLOR_NAME = AccentColor;
				CODE_SIGN_STYLE = Automatic;
				CURRENT_PROJECT_VERSION = 1;
				DEVELOPMENT_ASSET_PATHS = "\"SnapClean/Preview Content\"";
				DEVELOPMENT_TEAM = 8BJQV3U22K;
				ENABLE_PREVIEWS = YES;
				GENERATE_INFOPLIST_FILE = YES;
				INFOPLIST_KEY_NSPhotoLibraryUsageDescription = "Allow SnapClean access to your photo library";
				INFOPLIST_KEY_UIApplicationSceneManifest_Generation = YES;
				INFOPLIST_KEY_UIApplicationSupportsIndirectInputEvents = YES;
				INFOPLIST_KEY_UILaunchScreen_Generation = YES;
				INFOPLIST_KEY_UISupportedInterfaceOrientations_iPad = "UIInterfaceOrientationPortrait UIInterfaceOrientationPortraitUpsideDown UIInterfaceOrientationLandscapeLeft UIInterfaceOrientationLandscapeRight";
				INFOPLIST_KEY_UISupportedInterfaceOrientations_iPhone = "UIInterfaceOrientationPortrait UIInterfaceOrientationLandscapeLeft UIInterfaceOrientationLandscapeRight";
				INFOPLIST_KEY_UIUserInterfaceStyle = Light;
				IPHONEOS_DEPLOYMENT_TARGET = 15.0;
				LD_RUNPATH_SEARCH_PATHS = (
					"$(inherited)",
					"@executable_path/Frameworks",
				);
				MARKETING_VERSION = 1.0;
				PRODUCT_BUNDLE_IDENTIFIER = com.tungdayne.snapclean;
				PRODUCT_NAME = "$(TARGET_NAME)";
				SWIFT_EMIT_LOC_STRINGS = YES;
				SWIFT_VERSION = 5.0;
				TARGETED_DEVICE_FAMILY = "1,2";
			};
			name = Release;
		};
/* End XCBuildConfiguration section */

/* Begin XCConfigurationList section */
		A6F52A292B8CF9310008F8B4 /* Build configuration list for PBXProject "SnapClean" */ = {
			isa = XCConfigurationList;
			buildConfigurations = (
				A6F52A3F2B8CF9330008F8B4 /* Debug */,
				A6F52A402B8CF9330008F8B4 /* Release */,
			);
			defaultConfigurationIsVisible = 0;
			defaultConfigurationName = Release;
		};
		A6F52A412B8CF9330008F8B4 /* Build configuration list for PBXNativeTarget "SnapClean" */ = {
			isa = XCConfigurationList;
			buildConfigurations = (
				A6F52A422B8CF9330008F8B4 /* Debug */,
				A6F52A432B8CF9330008F8B4 /* Release */,
			);
			defaultConfigurationIsVisible = 0;
			defaultConfigurationName = Release;
		};
/* End XCConfigurationList section */

/* Begin XCVersionGroup section */
		A6F52A3C2B8CF9330008F8B4 /* SnapClean.xcdatamodeld */ = {
			isa = XCVersionGroup;
			children = (
				A6F52A3D2B8CF9330008F8B4 /* SnapClean.xcdatamodel */,
			);
			currentVersion = A6F52A3D2B8CF9330008F8B4 /* SnapClean.xcdatamodel */;
			path = SnapClean.xcdatamodeld;
			sourceTree = "<group>";
			versionGroupType = wrapper.xcdatamodel;
		};
/* End XCVersionGroup section */
	};
	rootObject = A6F52A262B8CF9310008F8B4 /* Project object */;
}
